
Microsoft Visual Studio Solution File, Format Version 12.00
# Visual Studio Version 17
VisualStudioVersion = 17.0.32014.148
MinimumVisualStudioVersion = 10.0.40219.1
Project("{D954291E-2A0B-460D-934E-DC6B0785DB48}") = "ReactiveUIUnoSample.Shared", "ReactiveUIUnoSample.Shared\ReactiveUIUnoSample.Shared.shproj", "{DD00DA24-DDE5-46FA-BDC1-27B246B62A86}"
EndProject
Project("{2150E333-8FDC-42A3-9474-1A3956D46DE8}") = "Platforms", "Platforms", "{27FD840B-E49C-4AF2-BB4B-277CF7C843D1}"
EndProject
Project("{FAE04EC0-301F-11D3-BF4B-00C04F79EFBC}") = "ReactiveUIUnoSample.UWP", "ReactiveUIUnoSample.UWP\ReactiveUIUnoSample.UWP.csproj", "{2BBC1E31-7517-42E1-AB3F-5EDF84D0DA30}"
EndProject
Project("{9A19103F-16F7-4668-BE54-9A1E7A4F7556}") = "ReactiveUIUnoSample.Skia.Wpf", "ReactiveUIUnoSample.Skia.Wpf\ReactiveUIUnoSample.Skia.Wpf.csproj", "{D8E7F511-8126-4CFE-8B62-2C3143004F3D}"
EndProject
Project("{9A19103F-16F7-4668-BE54-9A1E7A4F7556}") = "ReactiveUIUnoSample.Skia.Wpf.Host", "ReactiveUIUnoSample.Skia.Wpf.Host\ReactiveUIUnoSample.Skia.Wpf.Host.csproj", "{ADD529A8-AF12-4629-BA82-5E7CEACCE4B0}"
EndProject
Project("{FAE04EC0-301F-11D3-BF4B-00C04F79EFBC}") = "ReactiveUIUnoSample.Droid", "ReactiveUIUnoSample.Droid\ReactiveUIUnoSample.Droid.csproj", "{558F27F7-EDC7-4768-B6A2-B47C9CA219CB}"
EndProject
Project("{FAE04EC0-301F-11D3-BF4B-00C04F79EFBC}") = "ReactiveUIUnoSample.iOS", "ReactiveUIUnoSample.iOS\ReactiveUIUnoSample.iOS.csproj", "{D2A4F849-C1EC-4BF9-ABC1-A3FEB171D4D0}"
EndProject
Project("{FAE04EC0-301F-11D3-BF4B-00C04F79EFBC}") = "ReactiveUIUnoSample.macOS", "ReactiveUIUnoSample.macOS\ReactiveUIUnoSample.macOS.csproj", "{A8C009D6-F255-45D9-B853-39F98D9CA516}"
EndProject
Project("{9A19103F-16F7-4668-BE54-9A1E7A4F7556}") = "ReactiveUIUnoSample.Skia.Gtk", "ReactiveUIUnoSample.Skia.Gtk\ReactiveUIUnoSample.Skia.Gtk.csproj", "{8E5D9F42-3569-49F5-9D82-AF9A82BE76D5}"
EndProject
Project("{9A19103F-16F7-4668-BE54-9A1E7A4F7556}") = "ReactiveUIUnoSample.Skia.Tizen", "ReactiveUIUnoSample.Skia.Tizen\ReactiveUIUnoSample.Skia.Tizen.csproj", "{21701239-EF57-40B2-904D-D8223A8A2436}"
EndProject
Project("{9A19103F-16F7-4668-BE54-9A1E7A4F7556}") = "ReactiveUIUnoSample.Wasm", "ReactiveUIUnoSample.Wasm\ReactiveUIUnoSample.Wasm.csproj", "{85149910-5AD2-42A0-88B2-5DB4A65DB481}"
EndProject
Project("{2150E333-8FDC-42A3-9474-1A3956D46DE8}") = "Solution Items", "Solution Items", "{2181BABE-BDDC-4525-BA24-BF5C5F17DBBF}"
	ProjectSection(SolutionItems) = preProject
		LICENSE = LICENSE
		README.md = README.md
	EndProjectSection
EndProject
Project("{FAE04EC0-301F-11D3-BF4B-00C04F79EFBC}") = "ReactiveUIUnoSample.UITest", "ReactiveUIUnoSample.UITest\ReactiveUIUnoSample.UITest.csproj", "{5C08069C-85D6-40EF-8851-A5E23B97EA5E}"
EndProject
Global
	GlobalSection(SharedMSBuildProjectFiles) = preSolution
		ReactiveUIUnoSample.Shared\ReactiveUIUnoSample.Shared.projitems*{21701239-ef57-40b2-904d-d8223a8a2436}*SharedItemsImports = 5
		ReactiveUIUnoSample.Shared\ReactiveUIUnoSample.Shared.projitems*{2bbc1e31-7517-42e1-ab3f-5edf84d0da30}*SharedItemsImports = 4
		ReactiveUIUnoSample.Shared\ReactiveUIUnoSample.Shared.projitems*{558f27f7-edc7-4768-b6a2-b47c9ca219cb}*SharedItemsImports = 4
		ReactiveUIUnoSample.Shared\ReactiveUIUnoSample.Shared.projitems*{85149910-5ad2-42a0-88b2-5db4a65db481}*SharedItemsImports = 5
		ReactiveUIUnoSample.Shared\ReactiveUIUnoSample.Shared.projitems*{8e5d9f42-3569-49f5-9d82-af9a82be76d5}*SharedItemsImports = 5
		ReactiveUIUnoSample.Shared\ReactiveUIUnoSample.Shared.projitems*{a8c009d6-f255-45d9-b853-39f98d9ca516}*SharedItemsImports = 4
		ReactiveUIUnoSample.Shared\ReactiveUIUnoSample.Shared.projitems*{d2a4f849-c1ec-4bf9-abc1-a3feb171d4d0}*SharedItemsImports = 4
		ReactiveUIUnoSample.Shared\ReactiveUIUnoSample.Shared.projitems*{d8e7f511-8126-4cfe-8b62-2c3143004f3d}*SharedItemsImports = 5
		ReactiveUIUnoSample.Shared\ReactiveUIUnoSample.Shared.projitems*{dd00da24-dde5-46fa-bdc1-27b246b62a86}*SharedItemsImports = 13
	EndGlobalSection
	GlobalSection(SolutionConfigurationPlatforms) = preSolution
		Ad-Hoc|Any CPU = Ad-Hoc|Any CPU
		Ad-Hoc|ARM = Ad-Hoc|ARM
		Ad-Hoc|ARM64 = Ad-Hoc|ARM64
		Ad-Hoc|iPhone = Ad-Hoc|iPhone
		Ad-Hoc|iPhoneSimulator = Ad-Hoc|iPhoneSimulator
		Ad-Hoc|x64 = Ad-Hoc|x64
		Ad-Hoc|x86 = Ad-Hoc|x86
		AppStore|Any CPU = AppStore|Any CPU
		AppStore|ARM = AppStore|ARM
		AppStore|ARM64 = AppStore|ARM64
		AppStore|iPhone = AppStore|iPhone
		AppStore|iPhoneSimulator = AppStore|iPhoneSimulator
		AppStore|x64 = AppStore|x64
		AppStore|x86 = AppStore|x86
		Debug|Any CPU = Debug|Any CPU
		Debug|ARM = Debug|ARM
		Debug|ARM64 = Debug|ARM64
		Debug|iPhone = Debug|iPhone
		Debug|iPhoneSimulator = Debug|iPhoneSimulator
		Debug|x64 = Debug|x64
		Debug|x86 = Debug|x86
		Release|Any CPU = Release|Any CPU
		Release|ARM = Release|ARM
		Release|ARM64 = Release|ARM64
		Release|iPhone = Release|iPhone
		Release|iPhoneSimulator = Release|iPhoneSimulator
		Release|x64 = Release|x64
		Release|x86 = Release|x86
	EndGlobalSection
	GlobalSection(ProjectConfigurationPlatforms) = postSolution
		{2BBC1E31-7517-42E1-AB3F-5EDF84D0DA30}.Ad-Hoc|Any CPU.ActiveCfg = Debug|x86
		{2BBC1E31-7517-42E1-AB3F-5EDF84D0DA30}.Ad-Hoc|Any CPU.Build.0 = Debug|x86
		{2BBC1E31-7517-42E1-AB3F-5EDF84D0DA30}.Ad-Hoc|Any CPU.Deploy.0 = Debug|x86
		{2BBC1E31-7517-42E1-AB3F-5EDF84D0DA30}.Ad-Hoc|ARM.ActiveCfg = Debug|ARM
		{2BBC1E31-7517-42E1-AB3F-5EDF84D0DA30}.Ad-Hoc|ARM.Build.0 = Debug|ARM
		{2BBC1E31-7517-42E1-AB3F-5EDF84D0DA30}.Ad-Hoc|ARM.Deploy.0 = Debug|ARM
		{2BBC1E31-7517-42E1-AB3F-5EDF84D0DA30}.Ad-Hoc|ARM64.ActiveCfg = Debug|ARM64
		{2BBC1E31-7517-42E1-AB3F-5EDF84D0DA30}.Ad-Hoc|ARM64.Build.0 = Debug|ARM64
		{2BBC1E31-7517-42E1-AB3F-5EDF84D0DA30}.Ad-Hoc|ARM64.Deploy.0 = Debug|ARM64
		{2BBC1E31-7517-42E1-AB3F-5EDF84D0DA30}.Ad-Hoc|iPhone.ActiveCfg = Debug|x86
		{2BBC1E31-7517-42E1-AB3F-5EDF84D0DA30}.Ad-Hoc|iPhone.Build.0 = Debug|x86
		{2BBC1E31-7517-42E1-AB3F-5EDF84D0DA30}.Ad-Hoc|iPhone.Deploy.0 = Debug|x86
		{2BBC1E31-7517-42E1-AB3F-5EDF84D0DA30}.Ad-Hoc|iPhoneSimulator.ActiveCfg = Debug|x86
		{2BBC1E31-7517-42E1-AB3F-5EDF84D0DA30}.Ad-Hoc|iPhoneSimulator.Build.0 = Debug|x86
		{2BBC1E31-7517-42E1-AB3F-5EDF84D0DA30}.Ad-Hoc|iPhoneSimulator.Deploy.0 = Debug|x86
		{2BBC1E31-7517-42E1-AB3F-5EDF84D0DA30}.Ad-Hoc|x64.ActiveCfg = Debug|x64
		{2BBC1E31-7517-42E1-AB3F-5EDF84D0DA30}.Ad-Hoc|x64.Build.0 = Debug|x64
		{2BBC1E31-7517-42E1-AB3F-5EDF84D0DA30}.Ad-Hoc|x64.Deploy.0 = Debug|x64
		{2BBC1E31-7517-42E1-AB3F-5EDF84D0DA30}.Ad-Hoc|x86.ActiveCfg = Debug|x86
		{2BBC1E31-7517-42E1-AB3F-5EDF84D0DA30}.Ad-Hoc|x86.Build.0 = Debug|x86
		{2BBC1E31-7517-42E1-AB3F-5EDF84D0DA30}.Ad-Hoc|x86.Deploy.0 = Debug|x86
		{2BBC1E31-7517-42E1-AB3F-5EDF84D0DA30}.AppStore|Any CPU.ActiveCfg = Debug|x86
		{2BBC1E31-7517-42E1-AB3F-5EDF84D0DA30}.AppStore|Any CPU.Build.0 = Debug|x86
		{2BBC1E31-7517-42E1-AB3F-5EDF84D0DA30}.AppStore|Any CPU.Deploy.0 = Debug|x86
		{2BBC1E31-7517-42E1-AB3F-5EDF84D0DA30}.AppStore|ARM.ActiveCfg = Debug|ARM
		{2BBC1E31-7517-42E1-AB3F-5EDF84D0DA30}.AppStore|ARM.Build.0 = Debug|ARM
		{2BBC1E31-7517-42E1-AB3F-5EDF84D0DA30}.AppStore|ARM.Deploy.0 = Debug|ARM
		{2BBC1E31-7517-42E1-AB3F-5EDF84D0DA30}.AppStore|ARM64.ActiveCfg = Debug|ARM64
		{2BBC1E31-7517-42E1-AB3F-5EDF84D0DA30}.AppStore|ARM64.Build.0 = Debug|ARM64
		{2BBC1E31-7517-42E1-AB3F-5EDF84D0DA30}.AppStore|ARM64.Deploy.0 = Debug|ARM64
		{2BBC1E31-7517-42E1-AB3F-5EDF84D0DA30}.AppStore|iPhone.ActiveCfg = Debug|x86
		{2BBC1E31-7517-42E1-AB3F-5EDF84D0DA30}.AppStore|iPhone.Build.0 = Debug|x86
		{2BBC1E31-7517-42E1-AB3F-5EDF84D0DA30}.AppStore|iPhone.Deploy.0 = Debug|x86
		{2BBC1E31-7517-42E1-AB3F-5EDF84D0DA30}.AppStore|iPhoneSimulator.ActiveCfg = Debug|x86
		{2BBC1E31-7517-42E1-AB3F-5EDF84D0DA30}.AppStore|iPhoneSimulator.Build.0 = Debug|x86
		{2BBC1E31-7517-42E1-AB3F-5EDF84D0DA30}.AppStore|iPhoneSimulator.Deploy.0 = Debug|x86
		{2BBC1E31-7517-42E1-AB3F-5EDF84D0DA30}.AppStore|x64.ActiveCfg = Debug|x64
		{2BBC1E31-7517-42E1-AB3F-5EDF84D0DA30}.AppStore|x64.Build.0 = Debug|x64
		{2BBC1E31-7517-42E1-AB3F-5EDF84D0DA30}.AppStore|x64.Deploy.0 = Debug|x64
		{2BBC1E31-7517-42E1-AB3F-5EDF84D0DA30}.AppStore|x86.ActiveCfg = Debug|x86
		{2BBC1E31-7517-42E1-AB3F-5EDF84D0DA30}.AppStore|x86.Build.0 = Debug|x86
		{2BBC1E31-7517-42E1-AB3F-5EDF84D0DA30}.AppStore|x86.Deploy.0 = Debug|x86
		{2BBC1E31-7517-42E1-AB3F-5EDF84D0DA30}.Debug|Any CPU.ActiveCfg = Debug|x64
		{2BBC1E31-7517-42E1-AB3F-5EDF84D0DA30}.Debug|Any CPU.Build.0 = Debug|x64
		{2BBC1E31-7517-42E1-AB3F-5EDF84D0DA30}.Debug|Any CPU.Deploy.0 = Debug|x64
		{2BBC1E31-7517-42E1-AB3F-5EDF84D0DA30}.Debug|ARM.ActiveCfg = Debug|ARM
		{2BBC1E31-7517-42E1-AB3F-5EDF84D0DA30}.Debug|ARM.Build.0 = Debug|ARM
		{2BBC1E31-7517-42E1-AB3F-5EDF84D0DA30}.Debug|ARM.Deploy.0 = Debug|ARM
		{2BBC1E31-7517-42E1-AB3F-5EDF84D0DA30}.Debug|ARM64.ActiveCfg = Debug|ARM64
		{2BBC1E31-7517-42E1-AB3F-5EDF84D0DA30}.Debug|ARM64.Build.0 = Debug|ARM64
		{2BBC1E31-7517-42E1-AB3F-5EDF84D0DA30}.Debug|ARM64.Deploy.0 = Debug|ARM64
		{2BBC1E31-7517-42E1-AB3F-5EDF84D0DA30}.Debug|iPhone.ActiveCfg = Debug|x64
		{2BBC1E31-7517-42E1-AB3F-5EDF84D0DA30}.Debug|iPhone.Build.0 = Debug|x64
		{2BBC1E31-7517-42E1-AB3F-5EDF84D0DA30}.Debug|iPhone.Deploy.0 = Debug|x64
		{2BBC1E31-7517-42E1-AB3F-5EDF84D0DA30}.Debug|iPhoneSimulator.ActiveCfg = Debug|x64
		{2BBC1E31-7517-42E1-AB3F-5EDF84D0DA30}.Debug|iPhoneSimulator.Build.0 = Debug|x64
		{2BBC1E31-7517-42E1-AB3F-5EDF84D0DA30}.Debug|iPhoneSimulator.Deploy.0 = Debug|x64
		{2BBC1E31-7517-42E1-AB3F-5EDF84D0DA30}.Debug|x64.ActiveCfg = Debug|x64
		{2BBC1E31-7517-42E1-AB3F-5EDF84D0DA30}.Debug|x64.Build.0 = Debug|x64
		{2BBC1E31-7517-42E1-AB3F-5EDF84D0DA30}.Debug|x64.Deploy.0 = Debug|x64
		{2BBC1E31-7517-42E1-AB3F-5EDF84D0DA30}.Debug|x86.ActiveCfg = Debug|x86
		{2BBC1E31-7517-42E1-AB3F-5EDF84D0DA30}.Debug|x86.Build.0 = Debug|x86
		{2BBC1E31-7517-42E1-AB3F-5EDF84D0DA30}.Debug|x86.Deploy.0 = Debug|x86
		{2BBC1E31-7517-42E1-AB3F-5EDF84D0DA30}.Release|Any CPU.ActiveCfg = Release|x64
		{2BBC1E31-7517-42E1-AB3F-5EDF84D0DA30}.Release|Any CPU.Build.0 = Release|x64
		{2BBC1E31-7517-42E1-AB3F-5EDF84D0DA30}.Release|Any CPU.Deploy.0 = Release|x64
		{2BBC1E31-7517-42E1-AB3F-5EDF84D0DA30}.Release|ARM.ActiveCfg = Release|ARM
		{2BBC1E31-7517-42E1-AB3F-5EDF84D0DA30}.Release|ARM.Build.0 = Release|ARM
		{2BBC1E31-7517-42E1-AB3F-5EDF84D0DA30}.Release|ARM.Deploy.0 = Release|ARM
		{2BBC1E31-7517-42E1-AB3F-5EDF84D0DA30}.Release|ARM64.ActiveCfg = Release|ARM64
		{2BBC1E31-7517-42E1-AB3F-5EDF84D0DA30}.Release|ARM64.Build.0 = Release|ARM64
		{2BBC1E31-7517-42E1-AB3F-5EDF84D0DA30}.Release|ARM64.Deploy.0 = Release|ARM64
		{2BBC1E31-7517-42E1-AB3F-5EDF84D0DA30}.Release|iPhone.ActiveCfg = Release|x64
		{2BBC1E31-7517-42E1-AB3F-5EDF84D0DA30}.Release|iPhone.Build.0 = Release|x64
		{2BBC1E31-7517-42E1-AB3F-5EDF84D0DA30}.Release|iPhone.Deploy.0 = Release|x64
		{2BBC1E31-7517-42E1-AB3F-5EDF84D0DA30}.Release|iPhoneSimulator.ActiveCfg = Release|x64
		{2BBC1E31-7517-42E1-AB3F-5EDF84D0DA30}.Release|iPhoneSimulator.Build.0 = Release|x64
		{2BBC1E31-7517-42E1-AB3F-5EDF84D0DA30}.Release|iPhoneSimulator.Deploy.0 = Release|x64
		{2BBC1E31-7517-42E1-AB3F-5EDF84D0DA30}.Release|x64.ActiveCfg = Release|x64
		{2BBC1E31-7517-42E1-AB3F-5EDF84D0DA30}.Release|x64.Build.0 = Release|x64
		{2BBC1E31-7517-42E1-AB3F-5EDF84D0DA30}.Release|x64.Deploy.0 = Release|x64
		{2BBC1E31-7517-42E1-AB3F-5EDF84D0DA30}.Release|x86.ActiveCfg = Release|x86
		{2BBC1E31-7517-42E1-AB3F-5EDF84D0DA30}.Release|x86.Build.0 = Release|x86
		{2BBC1E31-7517-42E1-AB3F-5EDF84D0DA30}.Release|x86.Deploy.0 = Release|x86
		{D8E7F511-8126-4CFE-8B62-2C3143004F3D}.Ad-Hoc|Any CPU.ActiveCfg = Debug|Any CPU
		{D8E7F511-8126-4CFE-8B62-2C3143004F3D}.Ad-Hoc|Any CPU.Build.0 = Debug|Any CPU
		{D8E7F511-8126-4CFE-8B62-2C3143004F3D}.Ad-Hoc|ARM.ActiveCfg = Debug|Any CPU
		{D8E7F511-8126-4CFE-8B62-2C3143004F3D}.Ad-Hoc|ARM.Build.0 = Debug|Any CPU
		{D8E7F511-8126-4CFE-8B62-2C3143004F3D}.Ad-Hoc|ARM64.ActiveCfg = Debug|Any CPU
		{D8E7F511-8126-4CFE-8B62-2C3143004F3D}.Ad-Hoc|ARM64.Build.0 = Debug|Any CPU
		{D8E7F511-8126-4CFE-8B62-2C3143004F3D}.Ad-Hoc|iPhone.ActiveCfg = Debug|Any CPU
		{D8E7F511-8126-4CFE-8B62-2C3143004F3D}.Ad-Hoc|iPhone.Build.0 = Debug|Any CPU
		{D8E7F511-8126-4CFE-8B62-2C3143004F3D}.Ad-Hoc|iPhoneSimulator.ActiveCfg = Debug|Any CPU
		{D8E7F511-8126-4CFE-8B62-2C3143004F3D}.Ad-Hoc|iPhoneSimulator.Build.0 = Debug|Any CPU
		{D8E7F511-8126-4CFE-8B62-2C3143004F3D}.Ad-Hoc|x64.ActiveCfg = Debug|Any CPU
		{D8E7F511-8126-4CFE-8B62-2C3143004F3D}.Ad-Hoc|x64.Build.0 = Debug|Any CPU
		{D8E7F511-8126-4CFE-8B62-2C3143004F3D}.Ad-Hoc|x86.ActiveCfg = Debug|Any CPU
		{D8E7F511-8126-4CFE-8B62-2C3143004F3D}.Ad-Hoc|x86.Build.0 = Debug|Any CPU
		{D8E7F511-8126-4CFE-8B62-2C3143004F3D}.AppStore|Any CPU.ActiveCfg = Debug|Any CPU
		{D8E7F511-8126-4CFE-8B62-2C3143004F3D}.AppStore|Any CPU.Build.0 = Debug|Any CPU
		{D8E7F511-8126-4CFE-8B62-2C3143004F3D}.AppStore|ARM.ActiveCfg = Debug|Any CPU
		{D8E7F511-8126-4CFE-8B62-2C3143004F3D}.AppStore|ARM.Build.0 = Debug|Any CPU
		{D8E7F511-8126-4CFE-8B62-2C3143004F3D}.AppStore|ARM64.ActiveCfg = Debug|Any CPU
		{D8E7F511-8126-4CFE-8B62-2C3143004F3D}.AppStore|ARM64.Build.0 = Debug|Any CPU
		{D8E7F511-8126-4CFE-8B62-2C3143004F3D}.AppStore|iPhone.ActiveCfg = Debug|Any CPU
		{D8E7F511-8126-4CFE-8B62-2C3143004F3D}.AppStore|iPhone.Build.0 = Debug|Any CPU
		{D8E7F511-8126-4CFE-8B62-2C3143004F3D}.AppStore|iPhoneSimulator.ActiveCfg = Debug|Any CPU
		{D8E7F511-8126-4CFE-8B62-2C3143004F3D}.AppStore|iPhoneSimulator.Build.0 = Debug|Any CPU
		{D8E7F511-8126-4CFE-8B62-2C3143004F3D}.AppStore|x64.ActiveCfg = Debug|Any CPU
		{D8E7F511-8126-4CFE-8B62-2C3143004F3D}.AppStore|x64.Build.0 = Debug|Any CPU
		{D8E7F511-8126-4CFE-8B62-2C3143004F3D}.AppStore|x86.ActiveCfg = Debug|Any CPU
		{D8E7F511-8126-4CFE-8B62-2C3143004F3D}.AppStore|x86.Build.0 = Debug|Any CPU
		{D8E7F511-8126-4CFE-8B62-2C3143004F3D}.Debug|Any CPU.ActiveCfg = Debug|Any CPU
		{D8E7F511-8126-4CFE-8B62-2C3143004F3D}.Debug|Any CPU.Build.0 = Debug|Any CPU
		{D8E7F511-8126-4CFE-8B62-2C3143004F3D}.Debug|ARM.ActiveCfg = Debug|Any CPU
		{D8E7F511-8126-4CFE-8B62-2C3143004F3D}.Debug|ARM.Build.0 = Debug|Any CPU
		{D8E7F511-8126-4CFE-8B62-2C3143004F3D}.Debug|ARM64.ActiveCfg = Debug|Any CPU
		{D8E7F511-8126-4CFE-8B62-2C3143004F3D}.Debug|ARM64.Build.0 = Debug|Any CPU
		{D8E7F511-8126-4CFE-8B62-2C3143004F3D}.Debug|iPhone.ActiveCfg = Debug|Any CPU
		{D8E7F511-8126-4CFE-8B62-2C3143004F3D}.Debug|iPhone.Build.0 = Debug|Any CPU
		{D8E7F511-8126-4CFE-8B62-2C3143004F3D}.Debug|iPhoneSimulator.ActiveCfg = Debug|Any CPU
		{D8E7F511-8126-4CFE-8B62-2C3143004F3D}.Debug|iPhoneSimulator.Build.0 = Debug|Any CPU
		{D8E7F511-8126-4CFE-8B62-2C3143004F3D}.Debug|x64.ActiveCfg = Debug|Any CPU
		{D8E7F511-8126-4CFE-8B62-2C3143004F3D}.Debug|x64.Build.0 = Debug|Any CPU
		{D8E7F511-8126-4CFE-8B62-2C3143004F3D}.Debug|x86.ActiveCfg = Debug|Any CPU
		{D8E7F511-8126-4CFE-8B62-2C3143004F3D}.Debug|x86.Build.0 = Debug|Any CPU
		{D8E7F511-8126-4CFE-8B62-2C3143004F3D}.Release|Any CPU.ActiveCfg = Release|Any CPU
		{D8E7F511-8126-4CFE-8B62-2C3143004F3D}.Release|Any CPU.Build.0 = Release|Any CPU
		{D8E7F511-8126-4CFE-8B62-2C3143004F3D}.Release|ARM.ActiveCfg = Release|Any CPU
		{D8E7F511-8126-4CFE-8B62-2C3143004F3D}.Release|ARM.Build.0 = Release|Any CPU
		{D8E7F511-8126-4CFE-8B62-2C3143004F3D}.Release|ARM64.ActiveCfg = Release|Any CPU
		{D8E7F511-8126-4CFE-8B62-2C3143004F3D}.Release|ARM64.Build.0 = Release|Any CPU
		{D8E7F511-8126-4CFE-8B62-2C3143004F3D}.Release|iPhone.ActiveCfg = Release|Any CPU
		{D8E7F511-8126-4CFE-8B62-2C3143004F3D}.Release|iPhone.Build.0 = Release|Any CPU
		{D8E7F511-8126-4CFE-8B62-2C3143004F3D}.Release|iPhoneSimulator.ActiveCfg = Release|Any CPU
		{D8E7F511-8126-4CFE-8B62-2C3143004F3D}.Release|iPhoneSimulator.Build.0 = Release|Any CPU
		{D8E7F511-8126-4CFE-8B62-2C3143004F3D}.Release|x64.ActiveCfg = Release|Any CPU
		{D8E7F511-8126-4CFE-8B62-2C3143004F3D}.Release|x64.Build.0 = Release|Any CPU
		{D8E7F511-8126-4CFE-8B62-2C3143004F3D}.Release|x86.ActiveCfg = Release|Any CPU
		{D8E7F511-8126-4CFE-8B62-2C3143004F3D}.Release|x86.Build.0 = Release|Any CPU
		{ADD529A8-AF12-4629-BA82-5E7CEACCE4B0}.Ad-Hoc|Any CPU.ActiveCfg = Debug|Any CPU
		{ADD529A8-AF12-4629-BA82-5E7CEACCE4B0}.Ad-Hoc|Any CPU.Build.0 = Debug|Any CPU
		{ADD529A8-AF12-4629-BA82-5E7CEACCE4B0}.Ad-Hoc|ARM.ActiveCfg = Debug|Any CPU
		{ADD529A8-AF12-4629-BA82-5E7CEACCE4B0}.Ad-Hoc|ARM.Build.0 = Debug|Any CPU
		{ADD529A8-AF12-4629-BA82-5E7CEACCE4B0}.Ad-Hoc|ARM64.ActiveCfg = Debug|Any CPU
		{ADD529A8-AF12-4629-BA82-5E7CEACCE4B0}.Ad-Hoc|ARM64.Build.0 = Debug|Any CPU
		{ADD529A8-AF12-4629-BA82-5E7CEACCE4B0}.Ad-Hoc|iPhone.ActiveCfg = Debug|Any CPU
		{ADD529A8-AF12-4629-BA82-5E7CEACCE4B0}.Ad-Hoc|iPhone.Build.0 = Debug|Any CPU
		{ADD529A8-AF12-4629-BA82-5E7CEACCE4B0}.Ad-Hoc|iPhoneSimulator.ActiveCfg = Debug|Any CPU
		{ADD529A8-AF12-4629-BA82-5E7CEACCE4B0}.Ad-Hoc|iPhoneSimulator.Build.0 = Debug|Any CPU
		{ADD529A8-AF12-4629-BA82-5E7CEACCE4B0}.Ad-Hoc|x64.ActiveCfg = Debug|Any CPU
		{ADD529A8-AF12-4629-BA82-5E7CEACCE4B0}.Ad-Hoc|x64.Build.0 = Debug|Any CPU
		{ADD529A8-AF12-4629-BA82-5E7CEACCE4B0}.Ad-Hoc|x86.ActiveCfg = Debug|Any CPU
		{ADD529A8-AF12-4629-BA82-5E7CEACCE4B0}.Ad-Hoc|x86.Build.0 = Debug|Any CPU
		{ADD529A8-AF12-4629-BA82-5E7CEACCE4B0}.AppStore|Any CPU.ActiveCfg = Debug|Any CPU
		{ADD529A8-AF12-4629-BA82-5E7CEACCE4B0}.AppStore|Any CPU.Build.0 = Debug|Any CPU
		{ADD529A8-AF12-4629-BA82-5E7CEACCE4B0}.AppStore|ARM.ActiveCfg = Debug|Any CPU
		{ADD529A8-AF12-4629-BA82-5E7CEACCE4B0}.AppStore|ARM.Build.0 = Debug|Any CPU
		{ADD529A8-AF12-4629-BA82-5E7CEACCE4B0}.AppStore|ARM64.ActiveCfg = Debug|Any CPU
		{ADD529A8-AF12-4629-BA82-5E7CEACCE4B0}.AppStore|ARM64.Build.0 = Debug|Any CPU
		{ADD529A8-AF12-4629-BA82-5E7CEACCE4B0}.AppStore|iPhone.ActiveCfg = Debug|Any CPU
		{ADD529A8-AF12-4629-BA82-5E7CEACCE4B0}.AppStore|iPhone.Build.0 = Debug|Any CPU
		{ADD529A8-AF12-4629-BA82-5E7CEACCE4B0}.AppStore|iPhoneSimulator.ActiveCfg = Debug|Any CPU
		{ADD529A8-AF12-4629-BA82-5E7CEACCE4B0}.AppStore|iPhoneSimulator.Build.0 = Debug|Any CPU
		{ADD529A8-AF12-4629-BA82-5E7CEACCE4B0}.AppStore|x64.ActiveCfg = Debug|Any CPU
		{ADD529A8-AF12-4629-BA82-5E7CEACCE4B0}.AppStore|x64.Build.0 = Debug|Any CPU
		{ADD529A8-AF12-4629-BA82-5E7CEACCE4B0}.AppStore|x86.ActiveCfg = Debug|Any CPU
		{ADD529A8-AF12-4629-BA82-5E7CEACCE4B0}.AppStore|x86.Build.0 = Debug|Any CPU
		{ADD529A8-AF12-4629-BA82-5E7CEACCE4B0}.Debug|Any CPU.ActiveCfg = Debug|Any CPU
		{ADD529A8-AF12-4629-BA82-5E7CEACCE4B0}.Debug|Any CPU.Build.0 = Debug|Any CPU
		{ADD529A8-AF12-4629-BA82-5E7CEACCE4B0}.Debug|ARM.ActiveCfg = Debug|Any CPU
		{ADD529A8-AF12-4629-BA82-5E7CEACCE4B0}.Debug|ARM.Build.0 = Debug|Any CPU
		{ADD529A8-AF12-4629-BA82-5E7CEACCE4B0}.Debug|ARM64.ActiveCfg = Debug|Any CPU
		{ADD529A8-AF12-4629-BA82-5E7CEACCE4B0}.Debug|ARM64.Build.0 = Debug|Any CPU
		{ADD529A8-AF12-4629-BA82-5E7CEACCE4B0}.Debug|iPhone.ActiveCfg = Debug|Any CPU
		{ADD529A8-AF12-4629-BA82-5E7CEACCE4B0}.Debug|iPhone.Build.0 = Debug|Any CPU
		{ADD529A8-AF12-4629-BA82-5E7CEACCE4B0}.Debug|iPhoneSimulator.ActiveCfg = Debug|Any CPU
		{ADD529A8-AF12-4629-BA82-5E7CEACCE4B0}.Debug|iPhoneSimulator.Build.0 = Debug|Any CPU
		{ADD529A8-AF12-4629-BA82-5E7CEACCE4B0}.Debug|x64.ActiveCfg = Debug|Any CPU
		{ADD529A8-AF12-4629-BA82-5E7CEACCE4B0}.Debug|x64.Build.0 = Debug|Any CPU
		{ADD529A8-AF12-4629-BA82-5E7CEACCE4B0}.Debug|x86.ActiveCfg = Debug|Any CPU
		{ADD529A8-AF12-4629-BA82-5E7CEACCE4B0}.Debug|x86.Build.0 = Debug|Any CPU
		{ADD529A8-AF12-4629-BA82-5E7CEACCE4B0}.Release|Any CPU.ActiveCfg = Release|Any CPU
		{ADD529A8-AF12-4629-BA82-5E7CEACCE4B0}.Release|Any CPU.Build.0 = Release|Any CPU
		{ADD529A8-AF12-4629-BA82-5E7CEACCE4B0}.Release|ARM.ActiveCfg = Release|Any CPU
		{ADD529A8-AF12-4629-BA82-5E7CEACCE4B0}.Release|ARM.Build.0 = Release|Any CPU
		{ADD529A8-AF12-4629-BA82-5E7CEACCE4B0}.Release|ARM64.ActiveCfg = Release|Any CPU
		{ADD529A8-AF12-4629-BA82-5E7CEACCE4B0}.Release|ARM64.Build.0 = Release|Any CPU
		{ADD529A8-AF12-4629-BA82-5E7CEACCE4B0}.Release|iPhone.ActiveCfg = Release|Any CPU
		{ADD529A8-AF12-4629-BA82-5E7CEACCE4B0}.Release|iPhone.Build.0 = Release|Any CPU
		{ADD529A8-AF12-4629-BA82-5E7CEACCE4B0}.Release|iPhoneSimulator.ActiveCfg = Release|Any CPU
		{ADD529A8-AF12-4629-BA82-5E7CEACCE4B0}.Release|iPhoneSimulator.Build.0 = Release|Any CPU
		{ADD529A8-AF12-4629-BA82-5E7CEACCE4B0}.Release|x64.ActiveCfg = Release|Any CPU
		{ADD529A8-AF12-4629-BA82-5E7CEACCE4B0}.Release|x64.Build.0 = Release|Any CPU
		{ADD529A8-AF12-4629-BA82-5E7CEACCE4B0}.Release|x86.ActiveCfg = Release|Any CPU
		{ADD529A8-AF12-4629-BA82-5E7CEACCE4B0}.Release|x86.Build.0 = Release|Any CPU
		{558F27F7-EDC7-4768-B6A2-B47C9CA219CB}.Ad-Hoc|Any CPU.ActiveCfg = Debug|Any CPU
		{558F27F7-EDC7-4768-B6A2-B47C9CA219CB}.Ad-Hoc|Any CPU.Build.0 = Debug|Any CPU
		{558F27F7-EDC7-4768-B6A2-B47C9CA219CB}.Ad-Hoc|Any CPU.Deploy.0 = Debug|Any CPU
		{558F27F7-EDC7-4768-B6A2-B47C9CA219CB}.Ad-Hoc|ARM.ActiveCfg = Debug|Any CPU
		{558F27F7-EDC7-4768-B6A2-B47C9CA219CB}.Ad-Hoc|ARM.Build.0 = Debug|Any CPU
		{558F27F7-EDC7-4768-B6A2-B47C9CA219CB}.Ad-Hoc|ARM.Deploy.0 = Debug|Any CPU
		{558F27F7-EDC7-4768-B6A2-B47C9CA219CB}.Ad-Hoc|ARM64.ActiveCfg = Debug|Any CPU
		{558F27F7-EDC7-4768-B6A2-B47C9CA219CB}.Ad-Hoc|ARM64.Build.0 = Debug|Any CPU
		{558F27F7-EDC7-4768-B6A2-B47C9CA219CB}.Ad-Hoc|ARM64.Deploy.0 = Debug|Any CPU
		{558F27F7-EDC7-4768-B6A2-B47C9CA219CB}.Ad-Hoc|iPhone.ActiveCfg = Debug|Any CPU
		{558F27F7-EDC7-4768-B6A2-B47C9CA219CB}.Ad-Hoc|iPhone.Build.0 = Debug|Any CPU
		{558F27F7-EDC7-4768-B6A2-B47C9CA219CB}.Ad-Hoc|iPhone.Deploy.0 = Debug|Any CPU
		{558F27F7-EDC7-4768-B6A2-B47C9CA219CB}.Ad-Hoc|iPhoneSimulator.ActiveCfg = Debug|Any CPU
		{558F27F7-EDC7-4768-B6A2-B47C9CA219CB}.Ad-Hoc|iPhoneSimulator.Build.0 = Debug|Any CPU
		{558F27F7-EDC7-4768-B6A2-B47C9CA219CB}.Ad-Hoc|iPhoneSimulator.Deploy.0 = Debug|Any CPU
		{558F27F7-EDC7-4768-B6A2-B47C9CA219CB}.Ad-Hoc|x64.ActiveCfg = Debug|Any CPU
		{558F27F7-EDC7-4768-B6A2-B47C9CA219CB}.Ad-Hoc|x64.Build.0 = Debug|Any CPU
		{558F27F7-EDC7-4768-B6A2-B47C9CA219CB}.Ad-Hoc|x64.Deploy.0 = Debug|Any CPU
		{558F27F7-EDC7-4768-B6A2-B47C9CA219CB}.Ad-Hoc|x86.ActiveCfg = Debug|Any CPU
		{558F27F7-EDC7-4768-B6A2-B47C9CA219CB}.Ad-Hoc|x86.Build.0 = Debug|Any CPU
		{558F27F7-EDC7-4768-B6A2-B47C9CA219CB}.Ad-Hoc|x86.Deploy.0 = Debug|Any CPU
		{558F27F7-EDC7-4768-B6A2-B47C9CA219CB}.AppStore|Any CPU.ActiveCfg = Debug|Any CPU
		{558F27F7-EDC7-4768-B6A2-B47C9CA219CB}.AppStore|Any CPU.Build.0 = Debug|Any CPU
		{558F27F7-EDC7-4768-B6A2-B47C9CA219CB}.AppStore|Any CPU.Deploy.0 = Debug|Any CPU
		{558F27F7-EDC7-4768-B6A2-B47C9CA219CB}.AppStore|ARM.ActiveCfg = Debug|Any CPU
		{558F27F7-EDC7-4768-B6A2-B47C9CA219CB}.AppStore|ARM.Build.0 = Debug|Any CPU
		{558F27F7-EDC7-4768-B6A2-B47C9CA219CB}.AppStore|ARM.Deploy.0 = Debug|Any CPU
		{558F27F7-EDC7-4768-B6A2-B47C9CA219CB}.AppStore|ARM64.ActiveCfg = Debug|Any CPU
		{558F27F7-EDC7-4768-B6A2-B47C9CA219CB}.AppStore|ARM64.Build.0 = Debug|Any CPU
		{558F27F7-EDC7-4768-B6A2-B47C9CA219CB}.AppStore|ARM64.Deploy.0 = Debug|Any CPU
		{558F27F7-EDC7-4768-B6A2-B47C9CA219CB}.AppStore|iPhone.ActiveCfg = Debug|Any CPU
		{558F27F7-EDC7-4768-B6A2-B47C9CA219CB}.AppStore|iPhone.Build.0 = Debug|Any CPU
		{558F27F7-EDC7-4768-B6A2-B47C9CA219CB}.AppStore|iPhone.Deploy.0 = Debug|Any CPU
		{558F27F7-EDC7-4768-B6A2-B47C9CA219CB}.AppStore|iPhoneSimulator.ActiveCfg = Debug|Any CPU
		{558F27F7-EDC7-4768-B6A2-B47C9CA219CB}.AppStore|iPhoneSimulator.Build.0 = Debug|Any CPU
		{558F27F7-EDC7-4768-B6A2-B47C9CA219CB}.AppStore|iPhoneSimulator.Deploy.0 = Debug|Any CPU
		{558F27F7-EDC7-4768-B6A2-B47C9CA219CB}.AppStore|x64.ActiveCfg = Debug|Any CPU
		{558F27F7-EDC7-4768-B6A2-B47C9CA219CB}.AppStore|x64.Build.0 = Debug|Any CPU
		{558F27F7-EDC7-4768-B6A2-B47C9CA219CB}.AppStore|x64.Deploy.0 = Debug|Any CPU
		{558F27F7-EDC7-4768-B6A2-B47C9CA219CB}.AppStore|x86.ActiveCfg = Debug|Any CPU
		{558F27F7-EDC7-4768-B6A2-B47C9CA219CB}.AppStore|x86.Build.0 = Debug|Any CPU
		{558F27F7-EDC7-4768-B6A2-B47C9CA219CB}.AppStore|x86.Deploy.0 = Debug|Any CPU
		{558F27F7-EDC7-4768-B6A2-B47C9CA219CB}.Debug|Any CPU.ActiveCfg = Debug|Any CPU
		{558F27F7-EDC7-4768-B6A2-B47C9CA219CB}.Debug|Any CPU.Build.0 = Debug|Any CPU
		{558F27F7-EDC7-4768-B6A2-B47C9CA219CB}.Debug|Any CPU.Deploy.0 = Debug|Any CPU
		{558F27F7-EDC7-4768-B6A2-B47C9CA219CB}.Debug|ARM.ActiveCfg = Debug|Any CPU
		{558F27F7-EDC7-4768-B6A2-B47C9CA219CB}.Debug|ARM.Build.0 = Debug|Any CPU
		{558F27F7-EDC7-4768-B6A2-B47C9CA219CB}.Debug|ARM.Deploy.0 = Debug|Any CPU
		{558F27F7-EDC7-4768-B6A2-B47C9CA219CB}.Debug|ARM64.ActiveCfg = Debug|Any CPU
		{558F27F7-EDC7-4768-B6A2-B47C9CA219CB}.Debug|ARM64.Build.0 = Debug|Any CPU
		{558F27F7-EDC7-4768-B6A2-B47C9CA219CB}.Debug|ARM64.Deploy.0 = Debug|Any CPU
		{558F27F7-EDC7-4768-B6A2-B47C9CA219CB}.Debug|iPhone.ActiveCfg = Debug|Any CPU
		{558F27F7-EDC7-4768-B6A2-B47C9CA219CB}.Debug|iPhone.Build.0 = Debug|Any CPU
		{558F27F7-EDC7-4768-B6A2-B47C9CA219CB}.Debug|iPhone.Deploy.0 = Debug|Any CPU
		{558F27F7-EDC7-4768-B6A2-B47C9CA219CB}.Debug|iPhoneSimulator.ActiveCfg = Debug|Any CPU
		{558F27F7-EDC7-4768-B6A2-B47C9CA219CB}.Debug|iPhoneSimulator.Build.0 = Debug|Any CPU
		{558F27F7-EDC7-4768-B6A2-B47C9CA219CB}.Debug|iPhoneSimulator.Deploy.0 = Debug|Any CPU
		{558F27F7-EDC7-4768-B6A2-B47C9CA219CB}.Debug|x64.ActiveCfg = Debug|Any CPU
		{558F27F7-EDC7-4768-B6A2-B47C9CA219CB}.Debug|x64.Build.0 = Debug|Any CPU
		{558F27F7-EDC7-4768-B6A2-B47C9CA219CB}.Debug|x64.Deploy.0 = Debug|Any CPU
		{558F27F7-EDC7-4768-B6A2-B47C9CA219CB}.Debug|x86.ActiveCfg = Debug|Any CPU
		{558F27F7-EDC7-4768-B6A2-B47C9CA219CB}.Debug|x86.Build.0 = Debug|Any CPU
		{558F27F7-EDC7-4768-B6A2-B47C9CA219CB}.Debug|x86.Deploy.0 = Debug|Any CPU
		{558F27F7-EDC7-4768-B6A2-B47C9CA219CB}.Release|Any CPU.ActiveCfg = Release|Any CPU
		{558F27F7-EDC7-4768-B6A2-B47C9CA219CB}.Release|Any CPU.Build.0 = Release|Any CPU
		{558F27F7-EDC7-4768-B6A2-B47C9CA219CB}.Release|Any CPU.Deploy.0 = Release|Any CPU
		{558F27F7-EDC7-4768-B6A2-B47C9CA219CB}.Release|ARM.ActiveCfg = Release|Any CPU
		{558F27F7-EDC7-4768-B6A2-B47C9CA219CB}.Release|ARM.Build.0 = Release|Any CPU
		{558F27F7-EDC7-4768-B6A2-B47C9CA219CB}.Release|ARM.Deploy.0 = Release|Any CPU
		{558F27F7-EDC7-4768-B6A2-B47C9CA219CB}.Release|ARM64.ActiveCfg = Release|Any CPU
		{558F27F7-EDC7-4768-B6A2-B47C9CA219CB}.Release|ARM64.Build.0 = Release|Any CPU
		{558F27F7-EDC7-4768-B6A2-B47C9CA219CB}.Release|ARM64.Deploy.0 = Release|Any CPU
		{558F27F7-EDC7-4768-B6A2-B47C9CA219CB}.Release|iPhone.ActiveCfg = Release|Any CPU
		{558F27F7-EDC7-4768-B6A2-B47C9CA219CB}.Release|iPhone.Build.0 = Release|Any CPU
		{558F27F7-EDC7-4768-B6A2-B47C9CA219CB}.Release|iPhone.Deploy.0 = Release|Any CPU
		{558F27F7-EDC7-4768-B6A2-B47C9CA219CB}.Release|iPhoneSimulator.ActiveCfg = Release|Any CPU
		{558F27F7-EDC7-4768-B6A2-B47C9CA219CB}.Release|iPhoneSimulator.Build.0 = Release|Any CPU
		{558F27F7-EDC7-4768-B6A2-B47C9CA219CB}.Release|iPhoneSimulator.Deploy.0 = Release|Any CPU
		{558F27F7-EDC7-4768-B6A2-B47C9CA219CB}.Release|x64.ActiveCfg = Release|Any CPU
		{558F27F7-EDC7-4768-B6A2-B47C9CA219CB}.Release|x64.Build.0 = Release|Any CPU
		{558F27F7-EDC7-4768-B6A2-B47C9CA219CB}.Release|x64.Deploy.0 = Release|Any CPU
		{558F27F7-EDC7-4768-B6A2-B47C9CA219CB}.Release|x86.ActiveCfg = Release|Any CPU
		{558F27F7-EDC7-4768-B6A2-B47C9CA219CB}.Release|x86.Build.0 = Release|Any CPU
		{558F27F7-EDC7-4768-B6A2-B47C9CA219CB}.Release|x86.Deploy.0 = Release|Any CPU
		{D2A4F849-C1EC-4BF9-ABC1-A3FEB171D4D0}.Ad-Hoc|Any CPU.ActiveCfg = Ad-Hoc|iPhoneSimulator
		{D2A4F849-C1EC-4BF9-ABC1-A3FEB171D4D0}.Ad-Hoc|Any CPU.Build.0 = Ad-Hoc|iPhoneSimulator
		{D2A4F849-C1EC-4BF9-ABC1-A3FEB171D4D0}.Ad-Hoc|ARM.ActiveCfg = Ad-Hoc|iPhoneSimulator
		{D2A4F849-C1EC-4BF9-ABC1-A3FEB171D4D0}.Ad-Hoc|ARM.Build.0 = Ad-Hoc|iPhoneSimulator
		{D2A4F849-C1EC-4BF9-ABC1-A3FEB171D4D0}.Ad-Hoc|ARM64.ActiveCfg = Ad-Hoc|iPhoneSimulator
		{D2A4F849-C1EC-4BF9-ABC1-A3FEB171D4D0}.Ad-Hoc|ARM64.Build.0 = Ad-Hoc|iPhoneSimulator
		{D2A4F849-C1EC-4BF9-ABC1-A3FEB171D4D0}.Ad-Hoc|iPhone.ActiveCfg = Ad-Hoc|iPhone
		{D2A4F849-C1EC-4BF9-ABC1-A3FEB171D4D0}.Ad-Hoc|iPhone.Build.0 = Ad-Hoc|iPhone
		{D2A4F849-C1EC-4BF9-ABC1-A3FEB171D4D0}.Ad-Hoc|iPhoneSimulator.ActiveCfg = Ad-Hoc|iPhoneSimulator
		{D2A4F849-C1EC-4BF9-ABC1-A3FEB171D4D0}.Ad-Hoc|iPhoneSimulator.Build.0 = Ad-Hoc|iPhoneSimulator
		{D2A4F849-C1EC-4BF9-ABC1-A3FEB171D4D0}.Ad-Hoc|x64.ActiveCfg = Ad-Hoc|iPhoneSimulator
		{D2A4F849-C1EC-4BF9-ABC1-A3FEB171D4D0}.Ad-Hoc|x64.Build.0 = Ad-Hoc|iPhoneSimulator
		{D2A4F849-C1EC-4BF9-ABC1-A3FEB171D4D0}.Ad-Hoc|x86.ActiveCfg = Ad-Hoc|iPhoneSimulator
		{D2A4F849-C1EC-4BF9-ABC1-A3FEB171D4D0}.Ad-Hoc|x86.Build.0 = Ad-Hoc|iPhoneSimulator
		{D2A4F849-C1EC-4BF9-ABC1-A3FEB171D4D0}.AppStore|Any CPU.ActiveCfg = AppStore|iPhoneSimulator
		{D2A4F849-C1EC-4BF9-ABC1-A3FEB171D4D0}.AppStore|Any CPU.Build.0 = AppStore|iPhoneSimulator
		{D2A4F849-C1EC-4BF9-ABC1-A3FEB171D4D0}.AppStore|ARM.ActiveCfg = AppStore|iPhoneSimulator
		{D2A4F849-C1EC-4BF9-ABC1-A3FEB171D4D0}.AppStore|ARM.Build.0 = AppStore|iPhoneSimulator
		{D2A4F849-C1EC-4BF9-ABC1-A3FEB171D4D0}.AppStore|ARM64.ActiveCfg = AppStore|iPhoneSimulator
		{D2A4F849-C1EC-4BF9-ABC1-A3FEB171D4D0}.AppStore|ARM64.Build.0 = AppStore|iPhoneSimulator
		{D2A4F849-C1EC-4BF9-ABC1-A3FEB171D4D0}.AppStore|iPhone.ActiveCfg = AppStore|iPhone
		{D2A4F849-C1EC-4BF9-ABC1-A3FEB171D4D0}.AppStore|iPhone.Build.0 = AppStore|iPhone
		{D2A4F849-C1EC-4BF9-ABC1-A3FEB171D4D0}.AppStore|iPhoneSimulator.ActiveCfg = AppStore|iPhoneSimulator
		{D2A4F849-C1EC-4BF9-ABC1-A3FEB171D4D0}.AppStore|iPhoneSimulator.Build.0 = AppStore|iPhoneSimulator
		{D2A4F849-C1EC-4BF9-ABC1-A3FEB171D4D0}.AppStore|x64.ActiveCfg = AppStore|iPhoneSimulator
		{D2A4F849-C1EC-4BF9-ABC1-A3FEB171D4D0}.AppStore|x64.Build.0 = AppStore|iPhoneSimulator
		{D2A4F849-C1EC-4BF9-ABC1-A3FEB171D4D0}.AppStore|x86.ActiveCfg = AppStore|iPhoneSimulator
		{D2A4F849-C1EC-4BF9-ABC1-A3FEB171D4D0}.AppStore|x86.Build.0 = AppStore|iPhoneSimulator
		{D2A4F849-C1EC-4BF9-ABC1-A3FEB171D4D0}.Debug|Any CPU.ActiveCfg = Debug|iPhoneSimulator
		{D2A4F849-C1EC-4BF9-ABC1-A3FEB171D4D0}.Debug|Any CPU.Build.0 = Debug|iPhoneSimulator
		{D2A4F849-C1EC-4BF9-ABC1-A3FEB171D4D0}.Debug|ARM.ActiveCfg = Debug|iPhoneSimulator
		{D2A4F849-C1EC-4BF9-ABC1-A3FEB171D4D0}.Debug|ARM.Build.0 = Debug|iPhoneSimulator
		{D2A4F849-C1EC-4BF9-ABC1-A3FEB171D4D0}.Debug|ARM64.ActiveCfg = Debug|iPhoneSimulator
		{D2A4F849-C1EC-4BF9-ABC1-A3FEB171D4D0}.Debug|ARM64.Build.0 = Debug|iPhoneSimulator
		{D2A4F849-C1EC-4BF9-ABC1-A3FEB171D4D0}.Debug|iPhone.ActiveCfg = Debug|iPhone
		{D2A4F849-C1EC-4BF9-ABC1-A3FEB171D4D0}.Debug|iPhone.Build.0 = Debug|iPhone
		{D2A4F849-C1EC-4BF9-ABC1-A3FEB171D4D0}.Debug|iPhoneSimulator.ActiveCfg = Debug|iPhoneSimulator
		{D2A4F849-C1EC-4BF9-ABC1-A3FEB171D4D0}.Debug|iPhoneSimulator.Build.0 = Debug|iPhoneSimulator
		{D2A4F849-C1EC-4BF9-ABC1-A3FEB171D4D0}.Debug|x64.ActiveCfg = Debug|iPhoneSimulator
		{D2A4F849-C1EC-4BF9-ABC1-A3FEB171D4D0}.Debug|x64.Build.0 = Debug|iPhoneSimulator
		{D2A4F849-C1EC-4BF9-ABC1-A3FEB171D4D0}.Debug|x86.ActiveCfg = Debug|iPhoneSimulator
		{D2A4F849-C1EC-4BF9-ABC1-A3FEB171D4D0}.Debug|x86.Build.0 = Debug|iPhoneSimulator
		{D2A4F849-C1EC-4BF9-ABC1-A3FEB171D4D0}.Release|Any CPU.ActiveCfg = Release|iPhoneSimulator
		{D2A4F849-C1EC-4BF9-ABC1-A3FEB171D4D0}.Release|Any CPU.Build.0 = Release|iPhoneSimulator
		{D2A4F849-C1EC-4BF9-ABC1-A3FEB171D4D0}.Release|ARM.ActiveCfg = Release|iPhoneSimulator
		{D2A4F849-C1EC-4BF9-ABC1-A3FEB171D4D0}.Release|ARM.Build.0 = Release|iPhoneSimulator
		{D2A4F849-C1EC-4BF9-ABC1-A3FEB171D4D0}.Release|ARM64.ActiveCfg = Release|iPhoneSimulator
		{D2A4F849-C1EC-4BF9-ABC1-A3FEB171D4D0}.Release|ARM64.Build.0 = Release|iPhoneSimulator
		{D2A4F849-C1EC-4BF9-ABC1-A3FEB171D4D0}.Release|iPhone.ActiveCfg = Release|iPhone
		{D2A4F849-C1EC-4BF9-ABC1-A3FEB171D4D0}.Release|iPhone.Build.0 = Release|iPhone
		{D2A4F849-C1EC-4BF9-ABC1-A3FEB171D4D0}.Release|iPhoneSimulator.ActiveCfg = Release|iPhoneSimulator
		{D2A4F849-C1EC-4BF9-ABC1-A3FEB171D4D0}.Release|iPhoneSimulator.Build.0 = Release|iPhoneSimulator
		{D2A4F849-C1EC-4BF9-ABC1-A3FEB171D4D0}.Release|x64.ActiveCfg = Release|iPhoneSimulator
		{D2A4F849-C1EC-4BF9-ABC1-A3FEB171D4D0}.Release|x64.Build.0 = Release|iPhoneSimulator
		{D2A4F849-C1EC-4BF9-ABC1-A3FEB171D4D0}.Release|x86.ActiveCfg = Release|iPhoneSimulator
		{D2A4F849-C1EC-4BF9-ABC1-A3FEB171D4D0}.Release|x86.Build.0 = Release|iPhoneSimulator
		{A8C009D6-F255-45D9-B853-39F98D9CA516}.Ad-Hoc|Any CPU.ActiveCfg = Debug|iPhoneSimulator
		{A8C009D6-F255-45D9-B853-39F98D9CA516}.Ad-Hoc|Any CPU.Build.0 = Debug|iPhoneSimulator
		{A8C009D6-F255-45D9-B853-39F98D9CA516}.Ad-Hoc|ARM.ActiveCfg = Debug|iPhoneSimulator
		{A8C009D6-F255-45D9-B853-39F98D9CA516}.Ad-Hoc|ARM.Build.0 = Debug|iPhoneSimulator
		{A8C009D6-F255-45D9-B853-39F98D9CA516}.Ad-Hoc|ARM64.ActiveCfg = Debug|iPhoneSimulator
		{A8C009D6-F255-45D9-B853-39F98D9CA516}.Ad-Hoc|ARM64.Build.0 = Debug|iPhoneSimulator
		{A8C009D6-F255-45D9-B853-39F98D9CA516}.Ad-Hoc|iPhone.ActiveCfg = Debug|iPhoneSimulator
		{A8C009D6-F255-45D9-B853-39F98D9CA516}.Ad-Hoc|iPhone.Build.0 = Debug|iPhoneSimulator
		{A8C009D6-F255-45D9-B853-39F98D9CA516}.Ad-Hoc|iPhoneSimulator.ActiveCfg = Debug|iPhoneSimulator
		{A8C009D6-F255-45D9-B853-39F98D9CA516}.Ad-Hoc|iPhoneSimulator.Build.0 = Debug|iPhoneSimulator
		{A8C009D6-F255-45D9-B853-39F98D9CA516}.Ad-Hoc|x64.ActiveCfg = Debug|iPhoneSimulator
		{A8C009D6-F255-45D9-B853-39F98D9CA516}.Ad-Hoc|x64.Build.0 = Debug|iPhoneSimulator
		{A8C009D6-F255-45D9-B853-39F98D9CA516}.Ad-Hoc|x86.ActiveCfg = Debug|iPhoneSimulator
		{A8C009D6-F255-45D9-B853-39F98D9CA516}.Ad-Hoc|x86.Build.0 = Debug|iPhoneSimulator
		{A8C009D6-F255-45D9-B853-39F98D9CA516}.AppStore|Any CPU.ActiveCfg = Debug|iPhoneSimulator
		{A8C009D6-F255-45D9-B853-39F98D9CA516}.AppStore|Any CPU.Build.0 = Debug|iPhoneSimulator
		{A8C009D6-F255-45D9-B853-39F98D9CA516}.AppStore|ARM.ActiveCfg = Debug|iPhoneSimulator
		{A8C009D6-F255-45D9-B853-39F98D9CA516}.AppStore|ARM.Build.0 = Debug|iPhoneSimulator
		{A8C009D6-F255-45D9-B853-39F98D9CA516}.AppStore|ARM64.ActiveCfg = Debug|iPhoneSimulator
		{A8C009D6-F255-45D9-B853-39F98D9CA516}.AppStore|ARM64.Build.0 = Debug|iPhoneSimulator
		{A8C009D6-F255-45D9-B853-39F98D9CA516}.AppStore|iPhone.ActiveCfg = Debug|iPhoneSimulator
		{A8C009D6-F255-45D9-B853-39F98D9CA516}.AppStore|iPhone.Build.0 = Debug|iPhoneSimulator
		{A8C009D6-F255-45D9-B853-39F98D9CA516}.AppStore|iPhoneSimulator.ActiveCfg = Debug|iPhoneSimulator
		{A8C009D6-F255-45D9-B853-39F98D9CA516}.AppStore|iPhoneSimulator.Build.0 = Debug|iPhoneSimulator
		{A8C009D6-F255-45D9-B853-39F98D9CA516}.AppStore|x64.ActiveCfg = Debug|iPhoneSimulator
		{A8C009D6-F255-45D9-B853-39F98D9CA516}.AppStore|x64.Build.0 = Debug|iPhoneSimulator
		{A8C009D6-F255-45D9-B853-39F98D9CA516}.AppStore|x86.ActiveCfg = Debug|iPhoneSimulator
		{A8C009D6-F255-45D9-B853-39F98D9CA516}.AppStore|x86.Build.0 = Debug|iPhoneSimulator
		{A8C009D6-F255-45D9-B853-39F98D9CA516}.Debug|Any CPU.ActiveCfg = Debug|iPhoneSimulator
		{A8C009D6-F255-45D9-B853-39F98D9CA516}.Debug|Any CPU.Build.0 = Debug|iPhoneSimulator
		{A8C009D6-F255-45D9-B853-39F98D9CA516}.Debug|ARM.ActiveCfg = Debug|iPhoneSimulator
		{A8C009D6-F255-45D9-B853-39F98D9CA516}.Debug|ARM.Build.0 = Debug|iPhoneSimulator
		{A8C009D6-F255-45D9-B853-39F98D9CA516}.Debug|ARM64.ActiveCfg = Debug|iPhoneSimulator
		{A8C009D6-F255-45D9-B853-39F98D9CA516}.Debug|ARM64.Build.0 = Debug|iPhoneSimulator
		{A8C009D6-F255-45D9-B853-39F98D9CA516}.Debug|iPhone.ActiveCfg = Debug|iPhoneSimulator
		{A8C009D6-F255-45D9-B853-39F98D9CA516}.Debug|iPhone.Build.0 = Debug|iPhoneSimulator
		{A8C009D6-F255-45D9-B853-39F98D9CA516}.Debug|iPhoneSimulator.ActiveCfg = Debug|iPhoneSimulator
		{A8C009D6-F255-45D9-B853-39F98D9CA516}.Debug|iPhoneSimulator.Build.0 = Debug|iPhoneSimulator
		{A8C009D6-F255-45D9-B853-39F98D9CA516}.Debug|x64.ActiveCfg = Debug|iPhoneSimulator
		{A8C009D6-F255-45D9-B853-39F98D9CA516}.Debug|x64.Build.0 = Debug|iPhoneSimulator
		{A8C009D6-F255-45D9-B853-39F98D9CA516}.Debug|x86.ActiveCfg = Debug|iPhoneSimulator
		{A8C009D6-F255-45D9-B853-39F98D9CA516}.Debug|x86.Build.0 = Debug|iPhoneSimulator
		{A8C009D6-F255-45D9-B853-39F98D9CA516}.Release|Any CPU.ActiveCfg = Release|iPhoneSimulator
		{A8C009D6-F255-45D9-B853-39F98D9CA516}.Release|Any CPU.Build.0 = Release|iPhoneSimulator
		{A8C009D6-F255-45D9-B853-39F98D9CA516}.Release|ARM.ActiveCfg = Release|iPhoneSimulator
		{A8C009D6-F255-45D9-B853-39F98D9CA516}.Release|ARM.Build.0 = Release|iPhoneSimulator
		{A8C009D6-F255-45D9-B853-39F98D9CA516}.Release|ARM64.ActiveCfg = Release|iPhoneSimulator
		{A8C009D6-F255-45D9-B853-39F98D9CA516}.Release|ARM64.Build.0 = Release|iPhoneSimulator
		{A8C009D6-F255-45D9-B853-39F98D9CA516}.Release|iPhone.ActiveCfg = Release|iPhoneSimulator
		{A8C009D6-F255-45D9-B853-39F98D9CA516}.Release|iPhone.Build.0 = Release|iPhoneSimulator
		{A8C009D6-F255-45D9-B853-39F98D9CA516}.Release|iPhoneSimulator.ActiveCfg = Release|iPhoneSimulator
		{A8C009D6-F255-45D9-B853-39F98D9CA516}.Release|iPhoneSimulator.Build.0 = Release|iPhoneSimulator
		{A8C009D6-F255-45D9-B853-39F98D9CA516}.Release|x64.ActiveCfg = Release|iPhoneSimulator
		{A8C009D6-F255-45D9-B853-39F98D9CA516}.Release|x64.Build.0 = Release|iPhoneSimulator
		{A8C009D6-F255-45D9-B853-39F98D9CA516}.Release|x86.ActiveCfg = Release|iPhoneSimulator
		{A8C009D6-F255-45D9-B853-39F98D9CA516}.Release|x86.Build.0 = Release|iPhoneSimulator
		{8E5D9F42-3569-49F5-9D82-AF9A82BE76D5}.Ad-Hoc|Any CPU.ActiveCfg = Debug|Any CPU
		{8E5D9F42-3569-49F5-9D82-AF9A82BE76D5}.Ad-Hoc|Any CPU.Build.0 = Debug|Any CPU
		{8E5D9F42-3569-49F5-9D82-AF9A82BE76D5}.Ad-Hoc|ARM.ActiveCfg = Debug|Any CPU
		{8E5D9F42-3569-49F5-9D82-AF9A82BE76D5}.Ad-Hoc|ARM.Build.0 = Debug|Any CPU
		{8E5D9F42-3569-49F5-9D82-AF9A82BE76D5}.Ad-Hoc|ARM64.ActiveCfg = Debug|Any CPU
		{8E5D9F42-3569-49F5-9D82-AF9A82BE76D5}.Ad-Hoc|ARM64.Build.0 = Debug|Any CPU
		{8E5D9F42-3569-49F5-9D82-AF9A82BE76D5}.Ad-Hoc|iPhone.ActiveCfg = Debug|Any CPU
		{8E5D9F42-3569-49F5-9D82-AF9A82BE76D5}.Ad-Hoc|iPhone.Build.0 = Debug|Any CPU
		{8E5D9F42-3569-49F5-9D82-AF9A82BE76D5}.Ad-Hoc|iPhoneSimulator.ActiveCfg = Debug|Any CPU
		{8E5D9F42-3569-49F5-9D82-AF9A82BE76D5}.Ad-Hoc|iPhoneSimulator.Build.0 = Debug|Any CPU
		{8E5D9F42-3569-49F5-9D82-AF9A82BE76D5}.Ad-Hoc|x64.ActiveCfg = Debug|Any CPU
		{8E5D9F42-3569-49F5-9D82-AF9A82BE76D5}.Ad-Hoc|x64.Build.0 = Debug|Any CPU
		{8E5D9F42-3569-49F5-9D82-AF9A82BE76D5}.Ad-Hoc|x86.ActiveCfg = Debug|Any CPU
		{8E5D9F42-3569-49F5-9D82-AF9A82BE76D5}.Ad-Hoc|x86.Build.0 = Debug|Any CPU
		{8E5D9F42-3569-49F5-9D82-AF9A82BE76D5}.AppStore|Any CPU.ActiveCfg = Debug|Any CPU
		{8E5D9F42-3569-49F5-9D82-AF9A82BE76D5}.AppStore|Any CPU.Build.0 = Debug|Any CPU
		{8E5D9F42-3569-49F5-9D82-AF9A82BE76D5}.AppStore|ARM.ActiveCfg = Debug|Any CPU
		{8E5D9F42-3569-49F5-9D82-AF9A82BE76D5}.AppStore|ARM.Build.0 = Debug|Any CPU
		{8E5D9F42-3569-49F5-9D82-AF9A82BE76D5}.AppStore|ARM64.ActiveCfg = Debug|Any CPU
		{8E5D9F42-3569-49F5-9D82-AF9A82BE76D5}.AppStore|ARM64.Build.0 = Debug|Any CPU
		{8E5D9F42-3569-49F5-9D82-AF9A82BE76D5}.AppStore|iPhone.ActiveCfg = Debug|Any CPU
		{8E5D9F42-3569-49F5-9D82-AF9A82BE76D5}.AppStore|iPhone.Build.0 = Debug|Any CPU
		{8E5D9F42-3569-49F5-9D82-AF9A82BE76D5}.AppStore|iPhoneSimulator.ActiveCfg = Debug|Any CPU
		{8E5D9F42-3569-49F5-9D82-AF9A82BE76D5}.AppStore|iPhoneSimulator.Build.0 = Debug|Any CPU
		{8E5D9F42-3569-49F5-9D82-AF9A82BE76D5}.AppStore|x64.ActiveCfg = Debug|Any CPU
		{8E5D9F42-3569-49F5-9D82-AF9A82BE76D5}.AppStore|x64.Build.0 = Debug|Any CPU
		{8E5D9F42-3569-49F5-9D82-AF9A82BE76D5}.AppStore|x86.ActiveCfg = Debug|Any CPU
		{8E5D9F42-3569-49F5-9D82-AF9A82BE76D5}.AppStore|x86.Build.0 = Debug|Any CPU
		{8E5D9F42-3569-49F5-9D82-AF9A82BE76D5}.Debug|Any CPU.ActiveCfg = Debug|Any CPU
		{8E5D9F42-3569-49F5-9D82-AF9A82BE76D5}.Debug|Any CPU.Build.0 = Debug|Any CPU
		{8E5D9F42-3569-49F5-9D82-AF9A82BE76D5}.Debug|ARM.ActiveCfg = Debug|Any CPU
		{8E5D9F42-3569-49F5-9D82-AF9A82BE76D5}.Debug|ARM.Build.0 = Debug|Any CPU
		{8E5D9F42-3569-49F5-9D82-AF9A82BE76D5}.Debug|ARM64.ActiveCfg = Debug|Any CPU
		{8E5D9F42-3569-49F5-9D82-AF9A82BE76D5}.Debug|ARM64.Build.0 = Debug|Any CPU
		{8E5D9F42-3569-49F5-9D82-AF9A82BE76D5}.Debug|iPhone.ActiveCfg = Debug|Any CPU
		{8E5D9F42-3569-49F5-9D82-AF9A82BE76D5}.Debug|iPhone.Build.0 = Debug|Any CPU
		{8E5D9F42-3569-49F5-9D82-AF9A82BE76D5}.Debug|iPhoneSimulator.ActiveCfg = Debug|Any CPU
		{8E5D9F42-3569-49F5-9D82-AF9A82BE76D5}.Debug|iPhoneSimulator.Build.0 = Debug|Any CPU
		{8E5D9F42-3569-49F5-9D82-AF9A82BE76D5}.Debug|x64.ActiveCfg = Debug|Any CPU
		{8E5D9F42-3569-49F5-9D82-AF9A82BE76D5}.Debug|x64.Build.0 = Debug|Any CPU
		{8E5D9F42-3569-49F5-9D82-AF9A82BE76D5}.Debug|x86.ActiveCfg = Debug|Any CPU
		{8E5D9F42-3569-49F5-9D82-AF9A82BE76D5}.Debug|x86.Build.0 = Debug|Any CPU
		{8E5D9F42-3569-49F5-9D82-AF9A82BE76D5}.Release|Any CPU.ActiveCfg = Release|Any CPU
		{8E5D9F42-3569-49F5-9D82-AF9A82BE76D5}.Release|Any CPU.Build.0 = Release|Any CPU
		{8E5D9F42-3569-49F5-9D82-AF9A82BE76D5}.Release|ARM.ActiveCfg = Release|Any CPU
		{8E5D9F42-3569-49F5-9D82-AF9A82BE76D5}.Release|ARM.Build.0 = Release|Any CPU
		{8E5D9F42-3569-49F5-9D82-AF9A82BE76D5}.Release|ARM64.ActiveCfg = Release|Any CPU
		{8E5D9F42-3569-49F5-9D82-AF9A82BE76D5}.Release|ARM64.Build.0 = Release|Any CPU
		{8E5D9F42-3569-49F5-9D82-AF9A82BE76D5}.Release|iPhone.ActiveCfg = Release|Any CPU
		{8E5D9F42-3569-49F5-9D82-AF9A82BE76D5}.Release|iPhone.Build.0 = Release|Any CPU
		{8E5D9F42-3569-49F5-9D82-AF9A82BE76D5}.Release|iPhoneSimulator.ActiveCfg = Release|Any CPU
		{8E5D9F42-3569-49F5-9D82-AF9A82BE76D5}.Release|iPhoneSimulator.Build.0 = Release|Any CPU
		{8E5D9F42-3569-49F5-9D82-AF9A82BE76D5}.Release|x64.ActiveCfg = Release|Any CPU
		{8E5D9F42-3569-49F5-9D82-AF9A82BE76D5}.Release|x64.Build.0 = Release|Any CPU
		{8E5D9F42-3569-49F5-9D82-AF9A82BE76D5}.Release|x86.ActiveCfg = Release|Any CPU
		{8E5D9F42-3569-49F5-9D82-AF9A82BE76D5}.Release|x86.Build.0 = Release|Any CPU
		{21701239-EF57-40B2-904D-D8223A8A2436}.Ad-Hoc|Any CPU.ActiveCfg = Debug|Any CPU
		{21701239-EF57-40B2-904D-D8223A8A2436}.Ad-Hoc|Any CPU.Build.0 = Debug|Any CPU
		{21701239-EF57-40B2-904D-D8223A8A2436}.Ad-Hoc|ARM.ActiveCfg = Debug|Any CPU
		{21701239-EF57-40B2-904D-D8223A8A2436}.Ad-Hoc|ARM.Build.0 = Debug|Any CPU
		{21701239-EF57-40B2-904D-D8223A8A2436}.Ad-Hoc|ARM64.ActiveCfg = Debug|Any CPU
		{21701239-EF57-40B2-904D-D8223A8A2436}.Ad-Hoc|ARM64.Build.0 = Debug|Any CPU
		{21701239-EF57-40B2-904D-D8223A8A2436}.Ad-Hoc|iPhone.ActiveCfg = Debug|Any CPU
		{21701239-EF57-40B2-904D-D8223A8A2436}.Ad-Hoc|iPhone.Build.0 = Debug|Any CPU
		{21701239-EF57-40B2-904D-D8223A8A2436}.Ad-Hoc|iPhoneSimulator.ActiveCfg = Debug|Any CPU
		{21701239-EF57-40B2-904D-D8223A8A2436}.Ad-Hoc|iPhoneSimulator.Build.0 = Debug|Any CPU
		{21701239-EF57-40B2-904D-D8223A8A2436}.Ad-Hoc|x64.ActiveCfg = Debug|Any CPU
		{21701239-EF57-40B2-904D-D8223A8A2436}.Ad-Hoc|x64.Build.0 = Debug|Any CPU
		{21701239-EF57-40B2-904D-D8223A8A2436}.Ad-Hoc|x86.ActiveCfg = Debug|Any CPU
		{21701239-EF57-40B2-904D-D8223A8A2436}.Ad-Hoc|x86.Build.0 = Debug|Any CPU
		{21701239-EF57-40B2-904D-D8223A8A2436}.AppStore|Any CPU.ActiveCfg = Debug|Any CPU
		{21701239-EF57-40B2-904D-D8223A8A2436}.AppStore|Any CPU.Build.0 = Debug|Any CPU
		{21701239-EF57-40B2-904D-D8223A8A2436}.AppStore|ARM.ActiveCfg = Debug|Any CPU
		{21701239-EF57-40B2-904D-D8223A8A2436}.AppStore|ARM.Build.0 = Debug|Any CPU
		{21701239-EF57-40B2-904D-D8223A8A2436}.AppStore|ARM64.ActiveCfg = Debug|Any CPU
		{21701239-EF57-40B2-904D-D8223A8A2436}.AppStore|ARM64.Build.0 = Debug|Any CPU
		{21701239-EF57-40B2-904D-D8223A8A2436}.AppStore|iPhone.ActiveCfg = Debug|Any CPU
		{21701239-EF57-40B2-904D-D8223A8A2436}.AppStore|iPhone.Build.0 = Debug|Any CPU
		{21701239-EF57-40B2-904D-D8223A8A2436}.AppStore|iPhoneSimulator.ActiveCfg = Debug|Any CPU
		{21701239-EF57-40B2-904D-D8223A8A2436}.AppStore|iPhoneSimulator.Build.0 = Debug|Any CPU
		{21701239-EF57-40B2-904D-D8223A8A2436}.AppStore|x64.ActiveCfg = Debug|Any CPU
		{21701239-EF57-40B2-904D-D8223A8A2436}.AppStore|x64.Build.0 = Debug|Any CPU
		{21701239-EF57-40B2-904D-D8223A8A2436}.AppStore|x86.ActiveCfg = Debug|Any CPU
		{21701239-EF57-40B2-904D-D8223A8A2436}.AppStore|x86.Build.0 = Debug|Any CPU
		{21701239-EF57-40B2-904D-D8223A8A2436}.Debug|Any CPU.ActiveCfg = Debug|Any CPU
		{21701239-EF57-40B2-904D-D8223A8A2436}.Debug|Any CPU.Build.0 = Debug|Any CPU
		{21701239-EF57-40B2-904D-D8223A8A2436}.Debug|ARM.ActiveCfg = Debug|Any CPU
		{21701239-EF57-40B2-904D-D8223A8A2436}.Debug|ARM.Build.0 = Debug|Any CPU
		{21701239-EF57-40B2-904D-D8223A8A2436}.Debug|ARM64.ActiveCfg = Debug|Any CPU
		{21701239-EF57-40B2-904D-D8223A8A2436}.Debug|ARM64.Build.0 = Debug|Any CPU
		{21701239-EF57-40B2-904D-D8223A8A2436}.Debug|iPhone.ActiveCfg = Debug|Any CPU
		{21701239-EF57-40B2-904D-D8223A8A2436}.Debug|iPhone.Build.0 = Debug|Any CPU
		{21701239-EF57-40B2-904D-D8223A8A2436}.Debug|iPhoneSimulator.ActiveCfg = Debug|Any CPU
		{21701239-EF57-40B2-904D-D8223A8A2436}.Debug|iPhoneSimulator.Build.0 = Debug|Any CPU
		{21701239-EF57-40B2-904D-D8223A8A2436}.Debug|x64.ActiveCfg = Debug|Any CPU
		{21701239-EF57-40B2-904D-D8223A8A2436}.Debug|x64.Build.0 = Debug|Any CPU
		{21701239-EF57-40B2-904D-D8223A8A2436}.Debug|x86.ActiveCfg = Debug|Any CPU
		{21701239-EF57-40B2-904D-D8223A8A2436}.Debug|x86.Build.0 = Debug|Any CPU
		{21701239-EF57-40B2-904D-D8223A8A2436}.Release|Any CPU.ActiveCfg = Release|Any CPU
		{21701239-EF57-40B2-904D-D8223A8A2436}.Release|Any CPU.Build.0 = Release|Any CPU
		{21701239-EF57-40B2-904D-D8223A8A2436}.Release|ARM.ActiveCfg = Release|Any CPU
		{21701239-EF57-40B2-904D-D8223A8A2436}.Release|ARM.Build.0 = Release|Any CPU
		{21701239-EF57-40B2-904D-D8223A8A2436}.Release|ARM64.ActiveCfg = Release|Any CPU
		{21701239-EF57-40B2-904D-D8223A8A2436}.Release|ARM64.Build.0 = Release|Any CPU
		{21701239-EF57-40B2-904D-D8223A8A2436}.Release|iPhone.ActiveCfg = Release|Any CPU
		{21701239-EF57-40B2-904D-D8223A8A2436}.Release|iPhone.Build.0 = Release|Any CPU
		{21701239-EF57-40B2-904D-D8223A8A2436}.Release|iPhoneSimulator.ActiveCfg = Release|Any CPU
		{21701239-EF57-40B2-904D-D8223A8A2436}.Release|iPhoneSimulator.Build.0 = Release|Any CPU
		{21701239-EF57-40B2-904D-D8223A8A2436}.Release|x64.ActiveCfg = Release|Any CPU
		{21701239-EF57-40B2-904D-D8223A8A2436}.Release|x64.Build.0 = Release|Any CPU
		{21701239-EF57-40B2-904D-D8223A8A2436}.Release|x86.ActiveCfg = Release|Any CPU
		{21701239-EF57-40B2-904D-D8223A8A2436}.Release|x86.Build.0 = Release|Any CPU
		{85149910-5AD2-42A0-88B2-5DB4A65DB481}.Ad-Hoc|Any CPU.ActiveCfg = Debug|Any CPU
		{85149910-5AD2-42A0-88B2-5DB4A65DB481}.Ad-Hoc|Any CPU.Build.0 = Debug|Any CPU
		{85149910-5AD2-42A0-88B2-5DB4A65DB481}.Ad-Hoc|ARM.ActiveCfg = Debug|Any CPU
		{85149910-5AD2-42A0-88B2-5DB4A65DB481}.Ad-Hoc|ARM.Build.0 = Debug|Any CPU
		{85149910-5AD2-42A0-88B2-5DB4A65DB481}.Ad-Hoc|ARM64.ActiveCfg = Debug|Any CPU
		{85149910-5AD2-42A0-88B2-5DB4A65DB481}.Ad-Hoc|ARM64.Build.0 = Debug|Any CPU
		{85149910-5AD2-42A0-88B2-5DB4A65DB481}.Ad-Hoc|iPhone.ActiveCfg = Debug|Any CPU
		{85149910-5AD2-42A0-88B2-5DB4A65DB481}.Ad-Hoc|iPhone.Build.0 = Debug|Any CPU
		{85149910-5AD2-42A0-88B2-5DB4A65DB481}.Ad-Hoc|iPhoneSimulator.ActiveCfg = Debug|Any CPU
		{85149910-5AD2-42A0-88B2-5DB4A65DB481}.Ad-Hoc|iPhoneSimulator.Build.0 = Debug|Any CPU
		{85149910-5AD2-42A0-88B2-5DB4A65DB481}.Ad-Hoc|x64.ActiveCfg = Debug|Any CPU
		{85149910-5AD2-42A0-88B2-5DB4A65DB481}.Ad-Hoc|x64.Build.0 = Debug|Any CPU
		{85149910-5AD2-42A0-88B2-5DB4A65DB481}.Ad-Hoc|x86.ActiveCfg = Debug|Any CPU
		{85149910-5AD2-42A0-88B2-5DB4A65DB481}.Ad-Hoc|x86.Build.0 = Debug|Any CPU
		{85149910-5AD2-42A0-88B2-5DB4A65DB481}.AppStore|Any CPU.ActiveCfg = Debug|Any CPU
		{85149910-5AD2-42A0-88B2-5DB4A65DB481}.AppStore|Any CPU.Build.0 = Debug|Any CPU
		{85149910-5AD2-42A0-88B2-5DB4A65DB481}.AppStore|ARM.ActiveCfg = Debug|Any CPU
		{85149910-5AD2-42A0-88B2-5DB4A65DB481}.AppStore|ARM.Build.0 = Debug|Any CPU
		{85149910-5AD2-42A0-88B2-5DB4A65DB481}.AppStore|ARM64.ActiveCfg = Debug|Any CPU
		{85149910-5AD2-42A0-88B2-5DB4A65DB481}.AppStore|ARM64.Build.0 = Debug|Any CPU
		{85149910-5AD2-42A0-88B2-5DB4A65DB481}.AppStore|iPhone.ActiveCfg = Debug|Any CPU
		{85149910-5AD2-42A0-88B2-5DB4A65DB481}.AppStore|iPhone.Build.0 = Debug|Any CPU
		{85149910-5AD2-42A0-88B2-5DB4A65DB481}.AppStore|iPhoneSimulator.ActiveCfg = Debug|Any CPU
		{85149910-5AD2-42A0-88B2-5DB4A65DB481}.AppStore|iPhoneSimulator.Build.0 = Debug|Any CPU
		{85149910-5AD2-42A0-88B2-5DB4A65DB481}.AppStore|x64.ActiveCfg = Debug|Any CPU
		{85149910-5AD2-42A0-88B2-5DB4A65DB481}.AppStore|x64.Build.0 = Debug|Any CPU
		{85149910-5AD2-42A0-88B2-5DB4A65DB481}.AppStore|x86.ActiveCfg = Debug|Any CPU
		{85149910-5AD2-42A0-88B2-5DB4A65DB481}.AppStore|x86.Build.0 = Debug|Any CPU
		{85149910-5AD2-42A0-88B2-5DB4A65DB481}.Debug|Any CPU.ActiveCfg = Debug|Any CPU
		{85149910-5AD2-42A0-88B2-5DB4A65DB481}.Debug|Any CPU.Build.0 = Debug|Any CPU
		{85149910-5AD2-42A0-88B2-5DB4A65DB481}.Debug|ARM.ActiveCfg = Debug|Any CPU
		{85149910-5AD2-42A0-88B2-5DB4A65DB481}.Debug|ARM.Build.0 = Debug|Any CPU
		{85149910-5AD2-42A0-88B2-5DB4A65DB481}.Debug|ARM64.ActiveCfg = Debug|Any CPU
		{85149910-5AD2-42A0-88B2-5DB4A65DB481}.Debug|ARM64.Build.0 = Debug|Any CPU
		{85149910-5AD2-42A0-88B2-5DB4A65DB481}.Debug|iPhone.ActiveCfg = Debug|Any CPU
		{85149910-5AD2-42A0-88B2-5DB4A65DB481}.Debug|iPhone.Build.0 = Debug|Any CPU
		{85149910-5AD2-42A0-88B2-5DB4A65DB481}.Debug|iPhoneSimulator.ActiveCfg = Debug|Any CPU
		{85149910-5AD2-42A0-88B2-5DB4A65DB481}.Debug|iPhoneSimulator.Build.0 = Debug|Any CPU
		{85149910-5AD2-42A0-88B2-5DB4A65DB481}.Debug|x64.ActiveCfg = Debug|Any CPU
		{85149910-5AD2-42A0-88B2-5DB4A65DB481}.Debug|x64.Build.0 = Debug|Any CPU
		{85149910-5AD2-42A0-88B2-5DB4A65DB481}.Debug|x86.ActiveCfg = Debug|Any CPU
		{85149910-5AD2-42A0-88B2-5DB4A65DB481}.Debug|x86.Build.0 = Debug|Any CPU
		{85149910-5AD2-42A0-88B2-5DB4A65DB481}.Release|Any CPU.ActiveCfg = Release|Any CPU
		{85149910-5AD2-42A0-88B2-5DB4A65DB481}.Release|Any CPU.Build.0 = Release|Any CPU
		{85149910-5AD2-42A0-88B2-5DB4A65DB481}.Release|ARM.ActiveCfg = Release|Any CPU
		{85149910-5AD2-42A0-88B2-5DB4A65DB481}.Release|ARM.Build.0 = Release|Any CPU
		{85149910-5AD2-42A0-88B2-5DB4A65DB481}.Release|ARM64.ActiveCfg = Release|Any CPU
		{85149910-5AD2-42A0-88B2-5DB4A65DB481}.Release|ARM64.Build.0 = Release|Any CPU
		{85149910-5AD2-42A0-88B2-5DB4A65DB481}.Release|iPhone.ActiveCfg = Release|Any CPU
		{85149910-5AD2-42A0-88B2-5DB4A65DB481}.Release|iPhone.Build.0 = Release|Any CPU
		{85149910-5AD2-42A0-88B2-5DB4A65DB481}.Release|iPhoneSimulator.ActiveCfg = Release|Any CPU
		{85149910-5AD2-42A0-88B2-5DB4A65DB481}.Release|iPhoneSimulator.Build.0 = Release|Any CPU
		{85149910-5AD2-42A0-88B2-5DB4A65DB481}.Release|x64.ActiveCfg = Release|Any CPU
		{85149910-5AD2-42A0-88B2-5DB4A65DB481}.Release|x64.Build.0 = Release|Any CPU
		{85149910-5AD2-42A0-88B2-5DB4A65DB481}.Release|x86.ActiveCfg = Release|Any CPU
		{85149910-5AD2-42A0-88B2-5DB4A65DB481}.Release|x86.Build.0 = Release|Any CPU
		{5C08069C-85D6-40EF-8851-A5E23B97EA5E}.Ad-Hoc|Any CPU.ActiveCfg = Debug|Any CPU
		{5C08069C-85D6-40EF-8851-A5E23B97EA5E}.Ad-Hoc|Any CPU.Build.0 = Debug|Any CPU
		{5C08069C-85D6-40EF-8851-A5E23B97EA5E}.Ad-Hoc|ARM.ActiveCfg = Debug|Any CPU
		{5C08069C-85D6-40EF-8851-A5E23B97EA5E}.Ad-Hoc|ARM.Build.0 = Debug|Any CPU
		{5C08069C-85D6-40EF-8851-A5E23B97EA5E}.Ad-Hoc|ARM64.ActiveCfg = Debug|Any CPU
		{5C08069C-85D6-40EF-8851-A5E23B97EA5E}.Ad-Hoc|ARM64.Build.0 = Debug|Any CPU
		{5C08069C-85D6-40EF-8851-A5E23B97EA5E}.Ad-Hoc|iPhone.ActiveCfg = Debug|Any CPU
		{5C08069C-85D6-40EF-8851-A5E23B97EA5E}.Ad-Hoc|iPhone.Build.0 = Debug|Any CPU
		{5C08069C-85D6-40EF-8851-A5E23B97EA5E}.Ad-Hoc|iPhoneSimulator.ActiveCfg = Debug|Any CPU
		{5C08069C-85D6-40EF-8851-A5E23B97EA5E}.Ad-Hoc|iPhoneSimulator.Build.0 = Debug|Any CPU
		{5C08069C-85D6-40EF-8851-A5E23B97EA5E}.Ad-Hoc|x64.ActiveCfg = Debug|Any CPU
		{5C08069C-85D6-40EF-8851-A5E23B97EA5E}.Ad-Hoc|x64.Build.0 = Debug|Any CPU
		{5C08069C-85D6-40EF-8851-A5E23B97EA5E}.Ad-Hoc|x86.ActiveCfg = Debug|Any CPU
		{5C08069C-85D6-40EF-8851-A5E23B97EA5E}.Ad-Hoc|x86.Build.0 = Debug|Any CPU
		{5C08069C-85D6-40EF-8851-A5E23B97EA5E}.AppStore|Any CPU.ActiveCfg = Debug|Any CPU
		{5C08069C-85D6-40EF-8851-A5E23B97EA5E}.AppStore|Any CPU.Build.0 = Debug|Any CPU
		{5C08069C-85D6-40EF-8851-A5E23B97EA5E}.AppStore|ARM.ActiveCfg = Debug|Any CPU
		{5C08069C-85D6-40EF-8851-A5E23B97EA5E}.AppStore|ARM.Build.0 = Debug|Any CPU
		{5C08069C-85D6-40EF-8851-A5E23B97EA5E}.AppStore|ARM64.ActiveCfg = Debug|Any CPU
		{5C08069C-85D6-40EF-8851-A5E23B97EA5E}.AppStore|ARM64.Build.0 = Debug|Any CPU
		{5C08069C-85D6-40EF-8851-A5E23B97EA5E}.AppStore|iPhone.ActiveCfg = Debug|Any CPU
		{5C08069C-85D6-40EF-8851-A5E23B97EA5E}.AppStore|iPhone.Build.0 = Debug|Any CPU
		{5C08069C-85D6-40EF-8851-A5E23B97EA5E}.AppStore|iPhoneSimulator.ActiveCfg = Debug|Any CPU
		{5C08069C-85D6-40EF-8851-A5E23B97EA5E}.AppStore|iPhoneSimulator.Build.0 = Debug|Any CPU
		{5C08069C-85D6-40EF-8851-A5E23B97EA5E}.AppStore|x64.ActiveCfg = Debug|Any CPU
		{5C08069C-85D6-40EF-8851-A5E23B97EA5E}.AppStore|x64.Build.0 = Debug|Any CPU
		{5C08069C-85D6-40EF-8851-A5E23B97EA5E}.AppStore|x86.ActiveCfg = Debug|Any CPU
		{5C08069C-85D6-40EF-8851-A5E23B97EA5E}.AppStore|x86.Build.0 = Debug|Any CPU
		{5C08069C-85D6-40EF-8851-A5E23B97EA5E}.Debug|Any CPU.ActiveCfg = Debug|Any CPU
		{5C08069C-85D6-40EF-8851-A5E23B97EA5E}.Debug|Any CPU.Build.0 = Debug|Any CPU
		{5C08069C-85D6-40EF-8851-A5E23B97EA5E}.Debug|ARM.ActiveCfg = Debug|Any CPU
		{5C08069C-85D6-40EF-8851-A5E23B97EA5E}.Debug|ARM.Build.0 = Debug|Any CPU
		{5C08069C-85D6-40EF-8851-A5E23B97EA5E}.Debug|ARM64.ActiveCfg = Debug|Any CPU
		{5C08069C-85D6-40EF-8851-A5E23B97EA5E}.Debug|ARM64.Build.0 = Debug|Any CPU
		{5C08069C-85D6-40EF-8851-A5E23B97EA5E}.Debug|iPhone.ActiveCfg = Debug|Any CPU
		{5C08069C-85D6-40EF-8851-A5E23B97EA5E}.Debug|iPhone.Build.0 = Debug|Any CPU
		{5C08069C-85D6-40EF-8851-A5E23B97EA5E}.Debug|iPhoneSimulator.ActiveCfg = Debug|Any CPU
		{5C08069C-85D6-40EF-8851-A5E23B97EA5E}.Debug|iPhoneSimulator.Build.0 = Debug|Any CPU
		{5C08069C-85D6-40EF-8851-A5E23B97EA5E}.Debug|x64.ActiveCfg = Debug|Any CPU
		{5C08069C-85D6-40EF-8851-A5E23B97EA5E}.Debug|x64.Build.0 = Debug|Any CPU
		{5C08069C-85D6-40EF-8851-A5E23B97EA5E}.Debug|x86.ActiveCfg = Debug|Any CPU
		{5C08069C-85D6-40EF-8851-A5E23B97EA5E}.Debug|x86.Build.0 = Debug|Any CPU
		{5C08069C-85D6-40EF-8851-A5E23B97EA5E}.Release|Any CPU.ActiveCfg = Release|Any CPU
		{5C08069C-85D6-40EF-8851-A5E23B97EA5E}.Release|Any CPU.Build.0 = Release|Any CPU
		{5C08069C-85D6-40EF-8851-A5E23B97EA5E}.Release|ARM.ActiveCfg = Release|Any CPU
		{5C08069C-85D6-40EF-8851-A5E23B97EA5E}.Release|ARM.Build.0 = Release|Any CPU
		{5C08069C-85D6-40EF-8851-A5E23B97EA5E}.Release|ARM64.ActiveCfg = Release|Any CPU
		{5C08069C-85D6-40EF-8851-A5E23B97EA5E}.Release|ARM64.Build.0 = Release|Any CPU
		{5C08069C-85D6-40EF-8851-A5E23B97EA5E}.Release|iPhone.ActiveCfg = Release|Any CPU
		{5C08069C-85D6-40EF-8851-A5E23B97EA5E}.Release|iPhone.Build.0 = Release|Any CPU
		{5C08069C-85D6-40EF-8851-A5E23B97EA5E}.Release|iPhoneSimulator.ActiveCfg = Release|Any CPU
		{5C08069C-85D6-40EF-8851-A5E23B97EA5E}.Release|iPhoneSimulator.Build.0 = Release|Any CPU
		{5C08069C-85D6-40EF-8851-A5E23B97EA5E}.Release|x64.ActiveCfg = Release|Any CPU
		{5C08069C-85D6-40EF-8851-A5E23B97EA5E}.Release|x64.Build.0 = Release|Any CPU
		{5C08069C-85D6-40EF-8851-A5E23B97EA5E}.Release|x86.ActiveCfg = Release|Any CPU
		{5C08069C-85D6-40EF-8851-A5E23B97EA5E}.Release|x86.Build.0 = Release|Any CPU
	EndGlobalSection
	GlobalSection(SolutionProperties) = preSolution
		HideSolutionNode = FALSE
	EndGlobalSection
	GlobalSection(NestedProjects) = preSolution
		{2BBC1E31-7517-42E1-AB3F-5EDF84D0DA30} = {27FD840B-E49C-4AF2-BB4B-277CF7C843D1}
		{D8E7F511-8126-4CFE-8B62-2C3143004F3D} = {27FD840B-E49C-4AF2-BB4B-277CF7C843D1}
		{ADD529A8-AF12-4629-BA82-5E7CEACCE4B0} = {27FD840B-E49C-4AF2-BB4B-277CF7C843D1}
		{558F27F7-EDC7-4768-B6A2-B47C9CA219CB} = {27FD840B-E49C-4AF2-BB4B-277CF7C843D1}
		{D2A4F849-C1EC-4BF9-ABC1-A3FEB171D4D0} = {27FD840B-E49C-4AF2-BB4B-277CF7C843D1}
		{A8C009D6-F255-45D9-B853-39F98D9CA516} = {27FD840B-E49C-4AF2-BB4B-277CF7C843D1}
		{8E5D9F42-3569-49F5-9D82-AF9A82BE76D5} = {27FD840B-E49C-4AF2-BB4B-277CF7C843D1}
		{21701239-EF57-40B2-904D-D8223A8A2436} = {27FD840B-E49C-4AF2-BB4B-277CF7C843D1}
		{85149910-5AD2-42A0-88B2-5DB4A65DB481} = {27FD840B-E49C-4AF2-BB4B-277CF7C843D1}
	EndGlobalSection
	GlobalSection(ExtensibilityGlobals) = postSolution
		SolutionGuid = {F9B23692-A3D2-425B-AF4E-FA579E220A24}
	EndGlobalSection
EndGlobal
